<Solution>
  <Folder Name="/src/">
    <Project Path="src/Fulfillment.Api/Fulfillment.Api.csproj" />
    <Project Path="src/Fulfillment.Application/Fulfillment.Application.csproj" />
    <Project Path="src/Fulfillment.Domain/Fulfillment.Domain.csproj" />
    <Project Path="src/Fulfillment.Infrastructure/Fulfillment.Infrastructure.csproj" />
  </Folder>
  <Folder Name="/tests/">
    <Project Path="tests/Fulfillment.Tests/Fulfillment.Tests.csproj" />
  </Folder>
</Solution>
